
Microsoft Visual Studio Solution File, Format Version 12.00
# Visual Studio 2012
Project("{FAE04EC0-301F-11D3-BF4B-00C04F79EFBC}") = "pg36exercise", "NewCSharpCourse\pg36exercise.csproj", "{EBBA3C9B-96ED-4AF0-B580-AD22910E710C}"
EndProject
Project("{FAE04EC0-301F-11D3-BF4B-00C04F79EFBC}") = "pg38exercise", "pg38exercise\pg38exercise.csproj", "{717930B0-FF99-42C6-9144-4B654C59D443}"
EndProject
Project("{FAE04EC0-301F-11D3-BF4B-00C04F79EFBC}") = "pg39exercise", "pg39exercise\pg39exercise.csproj", "{F738DB3F-FE55-4B83-820B-F65671AD209E}"
EndProject
Project("{FAE04EC0-301F-11D3-BF4B-00C04F79EFBC}") = "pg40exercise", "pg40exercise\pg40exercise.csproj", "{23CAE8AF-2B83-4226-8EAD-A84E2F1B9727}"
EndProject
Project("{FAE04EC0-301F-11D3-BF4B-00C04F79EFBC}") = "pg42exercise", "pg42exercise\pg42exercise.csproj", "{6C6426BC-DDCB-4C7F-BB63-35FD84FE271B}"
EndProject
Project("{FAE04EC0-301F-11D3-BF4B-00C04F79EFBC}") = "pg44exercise", "pg44exercise\pg44exercise.csproj", "{B93E9336-C918-4CD7-B392-1E240621A778}"
EndProject
Project("{FAE04EC0-301F-11D3-BF4B-00C04F79EFBC}") = "pg48exercise", "pg48exercise\pg48exercise.csproj", "{D66353A7-880D-403E-AC46-408EE77FD138}"
EndProject
Project("{FAE04EC0-301F-11D3-BF4B-00C04F79EFBC}") = "pg50exercise", "pg50exercise\pg50exercise.csproj", "{3D87E016-00CA-4F66-A1FC-D125DB45314D}"
EndProject
Project("{FAE04EC0-301F-11D3-BF4B-00C04F79EFBC}") = "pg53exercise", "pg53exercise\pg53exercise.csproj", "{643B7350-3357-47D2-89A6-297A0044AD78}"
EndProject
Global
	GlobalSection(SolutionConfigurationPlatforms) = preSolution
		Debug|x86 = Debug|x86
		Release|x86 = Release|x86
	EndGlobalSection
	GlobalSection(ProjectConfigurationPlatforms) = postSolution
		{EBBA3C9B-96ED-4AF0-B580-AD22910E710C}.Debug|x86.ActiveCfg = Debug|x86
		{EBBA3C9B-96ED-4AF0-B580-AD22910E710C}.Debug|x86.Build.0 = Debug|x86
		{EBBA3C9B-96ED-4AF0-B580-AD22910E710C}.Release|x86.ActiveCfg = Release|x86
		{EBBA3C9B-96ED-4AF0-B580-AD22910E710C}.Release|x86.Build.0 = Release|x86
		{717930B0-FF99-42C6-9144-4B654C59D443}.Debug|x86.ActiveCfg = Debug|x86
		{717930B0-FF99-42C6-9144-4B654C59D443}.Debug|x86.Build.0 = Debug|x86
		{717930B0-FF99-42C6-9144-4B654C59D443}.Release|x86.ActiveCfg = Release|x86
		{717930B0-FF99-42C6-9144-4B654C59D443}.Release|x86.Build.0 = Release|x86
		{F738DB3F-FE55-4B83-820B-F65671AD209E}.Debug|x86.ActiveCfg = Debug|x86
		{F738DB3F-FE55-4B83-820B-F65671AD209E}.Debug|x86.Build.0 = Debug|x86
		{F738DB3F-FE55-4B83-820B-F65671AD209E}.Release|x86.ActiveCfg = Release|x86
		{F738DB3F-FE55-4B83-820B-F65671AD209E}.Release|x86.Build.0 = Release|x86
		{23CAE8AF-2B83-4226-8EAD-A84E2F1B9727}.Debug|x86.ActiveCfg = Debug|x86
		{23CAE8AF-2B83-4226-8EAD-A84E2F1B9727}.Debug|x86.Build.0 = Debug|x86
		{23CAE8AF-2B83-4226-8EAD-A84E2F1B9727}.Release|x86.ActiveCfg = Release|x86
		{23CAE8AF-2B83-4226-8EAD-A84E2F1B9727}.Release|x86.Build.0 = Release|x86
		{6C6426BC-DDCB-4C7F-BB63-35FD84FE271B}.Debug|x86.ActiveCfg = Debug|x86
		{6C6426BC-DDCB-4C7F-BB63-35FD84FE271B}.Debug|x86.Build.0 = Debug|x86
		{6C6426BC-DDCB-4C7F-BB63-35FD84FE271B}.Release|x86.ActiveCfg = Release|x86
		{6C6426BC-DDCB-4C7F-BB63-35FD84FE271B}.Release|x86.Build.0 = Release|x86
		{B93E9336-C918-4CD7-B392-1E240621A778}.Debug|x86.ActiveCfg = Debug|x86
		{B93E9336-C918-4CD7-B392-1E240621A778}.Debug|x86.Build.0 = Debug|x86
		{B93E9336-C918-4CD7-B392-1E240621A778}.Release|x86.ActiveCfg = Release|x86
		{B93E9336-C918-4CD7-B392-1E240621A778}.Release|x86.Build.0 = Release|x86
		{D66353A7-880D-403E-AC46-408EE77FD138}.Debug|x86.ActiveCfg = Debug|x86
		{D66353A7-880D-403E-AC46-408EE77FD138}.Debug|x86.Build.0 = Debug|x86
		{D66353A7-880D-403E-AC46-408EE77FD138}.Release|x86.ActiveCfg = Release|x86
		{D66353A7-880D-403E-AC46-408EE77FD138}.Release|x86.Build.0 = Release|x86
		{3D87E016-00CA-4F66-A1FC-D125DB45314D}.Debug|x86.ActiveCfg = Debug|x86
		{3D87E016-00CA-4F66-A1FC-D125DB45314D}.Debug|x86.Build.0 = Debug|x86
		{3D87E016-00CA-4F66-A1FC-D125DB45314D}.Release|x86.ActiveCfg = Release|x86
		{3D87E016-00CA-4F66-A1FC-D125DB45314D}.Release|x86.Build.0 = Release|x86
		{643B7350-3357-47D2-89A6-297A0044AD78}.Debug|x86.ActiveCfg = Debug|x86
		{643B7350-3357-47D2-89A6-297A0044AD78}.Debug|x86.Build.0 = Debug|x86
		{643B7350-3357-47D2-89A6-297A0044AD78}.Release|x86.ActiveCfg = Release|x86
		{643B7350-3357-47D2-89A6-297A0044AD78}.Release|x86.Build.0 = Release|x86
	EndGlobalSection
EndGlobal
