
Microsoft Visual Studio Solution File, Format Version 12.00
# Visual Studio 2012
Project("{FAE04EC0-301F-11D3-BF4B-00C04F79EFBC}") = "pg36exercise", "NewCSharpCourse\pg36exercise.csproj", "{EBBA3C9B-96ED-4AF0-B580-AD22910E710C}"
EndProject
Global
	GlobalSection(SolutionConfigurationPlatforms) = preSolution
		Debug|x86 = Debug|x86
		Release|x86 = Release|x86
	EndGlobalSection
	GlobalSection(ProjectConfigurationPlatforms) = postSolution
		{EBBA3C9B-96ED-4AF0-B580-AD22910E710C}.Debug|x86.ActiveCfg = Debug|x86
		{EBBA3C9B-96ED-4AF0-B580-AD22910E710C}.Debug|x86.Build.0 = Debug|x86
		{EBBA3C9B-96ED-4AF0-B580-AD22910E710C}.Release|x86.ActiveCfg = Release|x86
		{EBBA3C9B-96ED-4AF0-B580-AD22910E710C}.Release|x86.Build.0 = Release|x86
	EndGlobalSection
EndGlobal
